
Microsoft Visual Studio Solution File, Format Version 12.00
# Visual Studio Version 17
VisualStudioVersion = 17.1.32228.430
MinimumVisualStudioVersion = 10.0.40219.1
Project("{FAE04EC0-301F-11D3-BF4B-00C04F79EFBC}") = "chatting_win", "chatting_win.csproj", "{52008CD6-815D-4F64-8A9C-29909878D4EE}"
EndProject
Global
	GlobalSection(SolutionConfigurationPlatforms) = preSolution
		Debug|Any CPU = Debug|Any CPU
		Release|Any CPU = Release|Any CPU
	EndGlobalSection
	GlobalSection(ProjectConfigurationPlatforms) = postSolution
		{52008CD6-815D-4F64-8A9C-29909878D4EE}.Debug|Any CPU.ActiveCfg = Debug|Any CPU
		{52008CD6-815D-4F64-8A9C-29909878D4EE}.Debug|Any CPU.Build.0 = Debug|Any CPU
		{52008CD6-815D-4F64-8A9C-29909878D4EE}.Release|Any CPU.ActiveCfg = Release|Any CPU
		{52008CD6-815D-4F64-8A9C-29909878D4EE}.Release|Any CPU.Build.0 = Release|Any CPU
	EndGlobalSection
	GlobalSection(SolutionProperties) = preSolution
		HideSolutionNode = FALSE
	EndGlobalSection
	GlobalSection(ExtensibilityGlobals) = postSolution
		SolutionGuid = {64AB657E-E27D-47FF-8A0E-D504168938E9}
	EndGlobalSection
EndGlobal
